
Microsoft Visual Studio Solution File, Format Version 12.00
# Visual Studio 15
VisualStudioVersion = 15.0.28307.421
MinimumVisualStudioVersion = 10.0.40219.1
Project("{FAE04EC0-301F-11D3-BF4B-00C04F79EFBC}") = "kurs", "kurs\kurs.csproj", "{FDF2E478-D871-4BD2-B58F-8AE4C0EC19FF}"
EndProject
Project("{FAE04EC0-301F-11D3-BF4B-00C04F79EFBC}") = "LevelEditor", "LevelEditor\LevelEditor.csproj", "{B36AE677-958F-4424-9A22-5D628FE12E45}"
EndProject
Global
	GlobalSection(SolutionConfigurationPlatforms) = preSolution
		Debug|Any CPU = Debug|Any CPU
		Release|Any CPU = Release|Any CPU
	EndGlobalSection
	GlobalSection(ProjectConfigurationPlatforms) = postSolution
		{FDF2E478-D871-4BD2-B58F-8AE4C0EC19FF}.Debug|Any CPU.ActiveCfg = Debug|Any CPU
		{FDF2E478-D871-4BD2-B58F-8AE4C0EC19FF}.Debug|Any CPU.Build.0 = Debug|Any CPU
		{FDF2E478-D871-4BD2-B58F-8AE4C0EC19FF}.Release|Any CPU.ActiveCfg = Release|Any CPU
		{FDF2E478-D871-4BD2-B58F-8AE4C0EC19FF}.Release|Any CPU.Build.0 = Release|Any CPU
		{B36AE677-958F-4424-9A22-5D628FE12E45}.Debug|Any CPU.ActiveCfg = Debug|Any CPU
		{B36AE677-958F-4424-9A22-5D628FE12E45}.Debug|Any CPU.Build.0 = Debug|Any CPU
		{B36AE677-958F-4424-9A22-5D628FE12E45}.Release|Any CPU.ActiveCfg = Release|Any CPU
		{B36AE677-958F-4424-9A22-5D628FE12E45}.Release|Any CPU.Build.0 = Release|Any CPU
	EndGlobalSection
	GlobalSection(SolutionProperties) = preSolution
		HideSolutionNode = FALSE
	EndGlobalSection
	GlobalSection(ExtensibilityGlobals) = postSolution
		SolutionGuid = {4DD954A6-F3D1-447D-A011-B95D01916276}
	EndGlobalSection
EndGlobal
